
Microsoft Visual Studio Solution File, Format Version 12.00
# Visual Studio Version 16
VisualStudioVersion = 16.0.31613.86
MinimumVisualStudioVersion = 10.0.40219.1
Project("{8BC9CEB8-8B4A-11D0-8D11-00A0C91BC942}") = "Area of a triangle", "Area of a triangle.vcxproj", "{2FCF6438-E5D1-408A-A9A0-6D887B452B23}"
EndProject
Global
	GlobalSection(SolutionConfigurationPlatforms) = preSolution
		Debug|x64 = Debug|x64
		Debug|x86 = Debug|x86
		Release|x64 = Release|x64
		Release|x86 = Release|x86
	EndGlobalSection
	GlobalSection(ProjectConfigurationPlatforms) = postSolution
		{2FCF6438-E5D1-408A-A9A0-6D887B452B23}.Debug|x64.ActiveCfg = Debug|x64
		{2FCF6438-E5D1-408A-A9A0-6D887B452B23}.Debug|x64.Build.0 = Debug|x64
		{2FCF6438-E5D1-408A-A9A0-6D887B452B23}.Debug|x86.ActiveCfg = Debug|Win32
		{2FCF6438-E5D1-408A-A9A0-6D887B452B23}.Debug|x86.Build.0 = Debug|Win32
		{2FCF6438-E5D1-408A-A9A0-6D887B452B23}.Release|x64.ActiveCfg = Release|x64
		{2FCF6438-E5D1-408A-A9A0-6D887B452B23}.Release|x64.Build.0 = Release|x64
		{2FCF6438-E5D1-408A-A9A0-6D887B452B23}.Release|x86.ActiveCfg = Release|Win32
		{2FCF6438-E5D1-408A-A9A0-6D887B452B23}.Release|x86.Build.0 = Release|Win32
	EndGlobalSection
	GlobalSection(SolutionProperties) = preSolution
		HideSolutionNode = FALSE
	EndGlobalSection
	GlobalSection(ExtensibilityGlobals) = postSolution
		SolutionGuid = {F7D00CFB-1014-47A8-A301-7C38B5E45EB0}
	EndGlobalSection
EndGlobal
